// !$*UTF8*$!
{
	archiveVersion = 1;
	classes = {
	};
	objectVersion = 60;
	objects = {

/* Begin PBXBuildFile section */
		AE2E24082BB13FAC0050D5AE /* SearchEntranceTableViewController.swift in Sources */ = {isa = PBXBuildFile; fileRef = AE2E24072BB13FAC0050D5AE /* SearchEntranceTableViewController.swift */; };
		AE2E240A2BB140820050D5AE /* BaseSearchExampleViewController.swift in Sources */ = {isa = PBXBuildFile; fileRef = AE2E24092BB140820050D5AE /* BaseSearchExampleViewController.swift */; };
		AE2E25462BB158E30050D5AE /* BasicSearchExampleViewController.swift in Sources */ = {isa = PBXBuildFile; fileRef = AE2E25452BB158E30050D5AE /* BasicSearchExampleViewController.swift */; };
		AE2E25482BB1594D0050D5AE /* CustomSearchExampleViewController.swift in Sources */ = {isa = PBXBuildFile; fileRef = AE2E25472BB1594D0050D5AE /* CustomSearchExampleViewController.swift */; };
		AE2E25E82BB1829D0050D5AE /* TableViewExampleViewController.swift in Sources */ = {isa = PBXBuildFile; fileRef = AEB5D5282B4CE0C500105EED /* TableViewExampleViewController.swift */; };
		AE2E25E92BB1829D0050D5AE /* BaseJSONPreviewController.swift in Sources */ = {isa = PBXBuildFile; fileRef = AEBD0FF02B4BF69E0080ED15 /* BaseJSONPreviewController.swift */; };
		AE2E25EA2BB1829D0050D5AE /* CustomStyleExampleViewController.swift in Sources */ = {isa = PBXBuildFile; fileRef = AEBD0FEE2B4BF66C0080ED15 /* CustomStyleExampleViewController.swift */; };
		AE2E25EB2BB1829D0050D5AE /* HideLineNumberExampleViewController.swift in Sources */ = {isa = PBXBuildFile; fileRef = AEBD0FF32B4C02DB0080ED15 /* HideLineNumberExampleViewController.swift */; };
		AE2E25EC2BB1829D0050D5AE /* SearchEntranceTableViewController.swift in Sources */ = {isa = PBXBuildFile; fileRef = AE2E24072BB13FAC0050D5AE /* SearchEntranceTableViewController.swift */; };
		AE2E25ED2BB1829D0050D5AE /* ListTableViewController.swift in Sources */ = {isa = PBXBuildFile; fileRef = AEBD0F382B4BEE220080ED15 /* ListTableViewController.swift */; };
		AE2E25EE2BB1829D0050D5AE /* BasicExampleViewController.swift in Sources */ = {isa = PBXBuildFile; fileRef = AE4CE2DA2B47F88F00286E34 /* BasicExampleViewController.swift */; };
		AE2E25EF2BB1829D0050D5AE /* BaseSearchExampleViewController.swift in Sources */ = {isa = PBXBuildFile; fileRef = AE2E24092BB140820050D5AE /* BaseSearchExampleViewController.swift */; };
		AE2E25F02BB1829D0050D5AE /* InitialFoldedExampleViewController.swift in Sources */ = {isa = PBXBuildFile; fileRef = AEBD0FEC2B4BF4B10080ED15 /* InitialFoldedExampleViewController.swift */; };
		AE2E25F12BB1829D0050D5AE /* BasicSearchExampleViewController.swift in Sources */ = {isa = PBXBuildFile; fileRef = AE2E25452BB158E30050D5AE /* BasicSearchExampleViewController.swift */; };
		AE2E25F22BB1829D0050D5AE /* ExampleJSON.swift in Sources */ = {isa = PBXBuildFile; fileRef = AEBD0FEA2B4BF3130080ED15 /* ExampleJSON.swift */; };
		AE2E25F32BB1829D0050D5AE /* AppDelegate.swift in Sources */ = {isa = PBXBuildFile; fileRef = AE4CE2D62B47F88F00286E34 /* AppDelegate.swift */; };
		AE2E25F42BB1829D0050D5AE /* EntranceTableViewController.swift in Sources */ = {isa = PBXBuildFile; fileRef = AE780E972BB13B7C0015D968 /* EntranceTableViewController.swift */; };
		AE2E25F52BB1829D0050D5AE /* DemoCaseConfig.swift in Sources */ = {isa = PBXBuildFile; fileRef = AE780E952BB13AD30015D968 /* DemoCaseConfig.swift */; };
		AE2E25F62BB1829D0050D5AE /* CustomSearchExampleViewController.swift in Sources */ = {isa = PBXBuildFile; fileRef = AE2E25472BB1594D0050D5AE /* CustomSearchExampleViewController.swift */; };
		AE2E25F72BB1829D0050D5AE /* ListTableViewCell.swift in Sources */ = {isa = PBXBuildFile; fileRef = AE780E932BB138CD0015D968 /* ListTableViewCell.swift */; };
		AE2E25F92BB1829D0050D5AE /* JSONPreview in Frameworks */ = {isa = PBXBuildFile; productRef = AE2E25E62BB1829D0050D5AE /* JSONPreview */; };
		AE2E25FC2BB1829D0050D5AE /* Assets.xcassets in Resources */ = {isa = PBXBuildFile; fileRef = AE4CE2DF2B47F89000286E34 /* Assets.xcassets */; };
		AE2E26032BB183C40050D5AE /* Info-for-tvOS.plist in Resources */ = {isa = PBXBuildFile; fileRef = AE2E26022BB183C40050D5AE /* Info-for-tvOS.plist */; };
		AE4CE2D72B47F88F00286E34 /* AppDelegate.swift in Sources */ = {isa = PBXBuildFile; fileRef = AE4CE2D62B47F88F00286E34 /* AppDelegate.swift */; };
		AE4CE2DB2B47F88F00286E34 /* BasicExampleViewController.swift in Sources */ = {isa = PBXBuildFile; fileRef = AE4CE2DA2B47F88F00286E34 /* BasicExampleViewController.swift */; };
		AE4CE2E02B47F89000286E34 /* Assets.xcassets in Resources */ = {isa = PBXBuildFile; fileRef = AE4CE2DF2B47F89000286E34 /* Assets.xcassets */; };
		AE4CE2E32B47F89000286E34 /* LaunchScreen.storyboard in Resources */ = {isa = PBXBuildFile; fileRef = AE4CE2E12B47F89000286E34 /* LaunchScreen.storyboard */; };
		AE4CE2EC2B47FAE200286E34 /* JSONPreview in Frameworks */ = {isa = PBXBuildFile; productRef = AE4CE2EB2B47FAE200286E34 /* JSONPreview */; };
		AE780E942BB138CD0015D968 /* ListTableViewCell.swift in Sources */ = {isa = PBXBuildFile; fileRef = AE780E932BB138CD0015D968 /* ListTableViewCell.swift */; };
		AE780E962BB13AD30015D968 /* DemoCaseConfig.swift in Sources */ = {isa = PBXBuildFile; fileRef = AE780E952BB13AD30015D968 /* DemoCaseConfig.swift */; };
		AE780E982BB13B7C0015D968 /* EntranceTableViewController.swift in Sources */ = {isa = PBXBuildFile; fileRef = AE780E972BB13B7C0015D968 /* EntranceTableViewController.swift */; };
		AEB5D5292B4CE0C500105EED /* TableViewExampleViewController.swift in Sources */ = {isa = PBXBuildFile; fileRef = AEB5D5282B4CE0C500105EED /* TableViewExampleViewController.swift */; };
		AEBD0F392B4BEE220080ED15 /* ListTableViewController.swift in Sources */ = {isa = PBXBuildFile; fileRef = AEBD0F382B4BEE220080ED15 /* ListTableViewController.swift */; };
		AEBD0FEB2B4BF3130080ED15 /* ExampleJSON.swift in Sources */ = {isa = PBXBuildFile; fileRef = AEBD0FEA2B4BF3130080ED15 /* ExampleJSON.swift */; };
		AEBD0FED2B4BF4B10080ED15 /* InitialFoldedExampleViewController.swift in Sources */ = {isa = PBXBuildFile; fileRef = AEBD0FEC2B4BF4B10080ED15 /* InitialFoldedExampleViewController.swift */; };
		AEBD0FEF2B4BF66C0080ED15 /* CustomStyleExampleViewController.swift in Sources */ = {isa = PBXBuildFile; fileRef = AEBD0FEE2B4BF66C0080ED15 /* CustomStyleExampleViewController.swift */; };
		AEBD0FF12B4BF69E0080ED15 /* BaseJSONPreviewController.swift in Sources */ = {isa = PBXBuildFile; fileRef = AEBD0FF02B4BF69E0080ED15 /* BaseJSONPreviewController.swift */; };
		AEBD0FF42B4C02DB0080ED15 /* HideLineNumberExampleViewController.swift in Sources */ = {isa = PBXBuildFile; fileRef = AEBD0FF32B4C02DB0080ED15 /* HideLineNumberExampleViewController.swift */; };
/* End PBXBuildFile section */

/* Begin PBXFileReference section */
		AE2E24072BB13FAC0050D5AE /* SearchEntranceTableViewController.swift */ = {isa = PBXFileReference; lastKnownFileType = sourcecode.swift; path = SearchEntranceTableViewController.swift; sourceTree = "<group>"; };
		AE2E24092BB140820050D5AE /* BaseSearchExampleViewController.swift */ = {isa = PBXFileReference; lastKnownFileType = sourcecode.swift; path = BaseSearchExampleViewController.swift; sourceTree = "<group>"; };
		AE2E25452BB158E30050D5AE /* BasicSearchExampleViewController.swift */ = {isa = PBXFileReference; lastKnownFileType = sourcecode.swift; path = BasicSearchExampleViewController.swift; sourceTree = "<group>"; };
		AE2E25472BB1594D0050D5AE /* CustomSearchExampleViewController.swift */ = {isa = PBXFileReference; lastKnownFileType = sourcecode.swift; path = CustomSearchExampleViewController.swift; sourceTree = "<group>"; };
		AE2E26002BB1829D0050D5AE /* JSONPreviewDemo for tvOS.app */ = {isa = PBXFileReference; explicitFileType = wrapper.application; includeInIndex = 0; path = "JSONPreviewDemo for tvOS.app"; sourceTree = BUILT_PRODUCTS_DIR; };
		AE2E26022BB183C40050D5AE /* Info-for-tvOS.plist */ = {isa = PBXFileReference; fileEncoding = 4; lastKnownFileType = text.plist.xml; path = "Info-for-tvOS.plist"; sourceTree = "<group>"; };
		AE4CE2D32B47F88F00286E34 /* JSONPreviewDemo.app */ = {isa = PBXFileReference; explicitFileType = wrapper.application; includeInIndex = 0; path = JSONPreviewDemo.app; sourceTree = BUILT_PRODUCTS_DIR; };
		AE4CE2D62B47F88F00286E34 /* AppDelegate.swift */ = {isa = PBXFileReference; lastKnownFileType = sourcecode.swift; path = AppDelegate.swift; sourceTree = "<group>"; };
		AE4CE2DA2B47F88F00286E34 /* BasicExampleViewController.swift */ = {isa = PBXFileReference; lastKnownFileType = sourcecode.swift; path = BasicExampleViewController.swift; sourceTree = "<group>"; };
		AE4CE2DF2B47F89000286E34 /* Assets.xcassets */ = {isa = PBXFileReference; lastKnownFileType = folder.assetcatalog; path = Assets.xcassets; sourceTree = "<group>"; };
		AE4CE2E22B47F89000286E34 /* Base */ = {isa = PBXFileReference; lastKnownFileType = file.storyboard; name = Base; path = Base.lproj/LaunchScreen.storyboard; sourceTree = "<group>"; };
		AE4CE2E42B47F89000286E34 /* Info.plist */ = {isa = PBXFileReference; lastKnownFileType = text.plist.xml; path = Info.plist; sourceTree = "<group>"; };
		AE780E932BB138CD0015D968 /* ListTableViewCell.swift */ = {isa = PBXFileReference; lastKnownFileType = sourcecode.swift; path = ListTableViewCell.swift; sourceTree = "<group>"; };
		AE780E952BB13AD30015D968 /* DemoCaseConfig.swift */ = {isa = PBXFileReference; lastKnownFileType = sourcecode.swift; path = DemoCaseConfig.swift; sourceTree = "<group>"; };
		AE780E972BB13B7C0015D968 /* EntranceTableViewController.swift */ = {isa = PBXFileReference; lastKnownFileType = sourcecode.swift; path = EntranceTableViewController.swift; sourceTree = "<group>"; };
		AEB5D5282B4CE0C500105EED /* TableViewExampleViewController.swift */ = {isa = PBXFileReference; lastKnownFileType = sourcecode.swift; path = TableViewExampleViewController.swift; sourceTree = "<group>"; };
		AEBD0F382B4BEE220080ED15 /* ListTableViewController.swift */ = {isa = PBXFileReference; lastKnownFileType = sourcecode.swift; path = ListTableViewController.swift; sourceTree = "<group>"; };
		AEBD0FEA2B4BF3130080ED15 /* ExampleJSON.swift */ = {isa = PBXFileReference; lastKnownFileType = sourcecode.swift; path = ExampleJSON.swift; sourceTree = "<group>"; };
		AEBD0FEC2B4BF4B10080ED15 /* InitialFoldedExampleViewController.swift */ = {isa = PBXFileReference; lastKnownFileType = sourcecode.swift; path = InitialFoldedExampleViewController.swift; sourceTree = "<group>"; };
		AEBD0FEE2B4BF66C0080ED15 /* CustomStyleExampleViewController.swift */ = {isa = PBXFileReference; lastKnownFileType = sourcecode.swift; path = CustomStyleExampleViewController.swift; sourceTree = "<group>"; };
		AEBD0FF02B4BF69E0080ED15 /* BaseJSONPreviewController.swift */ = {isa = PBXFileReference; lastKnownFileType = sourcecode.swift; path = BaseJSONPreviewController.swift; sourceTree = "<group>"; };
		AEBD0FF32B4C02DB0080ED15 /* HideLineNumberExampleViewController.swift */ = {isa = PBXFileReference; lastKnownFileType = sourcecode.swift; path = HideLineNumberExampleViewController.swift; sourceTree = "<group>"; };
/* End PBXFileReference section */

/* Begin PBXFrameworksBuildPhase section */
		AE2E25F82BB1829D0050D5AE /* Frameworks */ = {
			isa = PBXFrameworksBuildPhase;
			buildActionMask = 2147483647;
			files = (
				AE2E25F92BB1829D0050D5AE /* JSONPreview in Frameworks */,
			);
			runOnlyForDeploymentPostprocessing = 0;
		};
		AE4CE2D02B47F88F00286E34 /* Frameworks */ = {
			isa = PBXFrameworksBuildPhase;
			buildActionMask = 2147483647;
			files = (
				AE4CE2EC2B47FAE200286E34 /* JSONPreview in Frameworks */,
			);
			runOnlyForDeploymentPostprocessing = 0;
		};
/* End PBXFrameworksBuildPhase section */

/* Begin PBXGroup section */
		AE2E24062BB13F9D0050D5AE /* Search */ = {
			isa = PBXGroup;
			children = (
				AE2E24092BB140820050D5AE /* BaseSearchExampleViewController.swift */,
				AE2E25452BB158E30050D5AE /* BasicSearchExampleViewController.swift */,
				AE2E25472BB1594D0050D5AE /* CustomSearchExampleViewController.swift */,
				AE2E24072BB13FAC0050D5AE /* SearchEntranceTableViewController.swift */,
			);
			path = Search;
			sourceTree = "<group>";
		};
		AE4CE2CA2B47F88F00286E34 = {
			isa = PBXGroup;
			children = (
				AE4CE2D52B47F88F00286E34 /* JSONPreviewDemo */,
				AE4CE2D42B47F88F00286E34 /* Products */,
			);
			sourceTree = "<group>";
		};
		AE4CE2D42B47F88F00286E34 /* Products */ = {
			isa = PBXGroup;
			children = (
				AE4CE2D32B47F88F00286E34 /* JSONPreviewDemo.app */,
				AE2E26002BB1829D0050D5AE /* JSONPreviewDemo for tvOS.app */,
			);
			name = Products;
			sourceTree = "<group>";
		};
		AE4CE2D52B47F88F00286E34 /* JSONPreviewDemo */ = {
			isa = PBXGroup;
			children = (
				AEBD0F3A2B4BEE650080ED15 /* Core */,
				AEBD0F3B2B4BEE680080ED15 /* Other */,
			);
			path = JSONPreviewDemo;
			sourceTree = "<group>";
		};
		AE780E922BB138BD0015D968 /* List */ = {
			isa = PBXGroup;
			children = (
				AE780E952BB13AD30015D968 /* DemoCaseConfig.swift */,
				AE780E932BB138CD0015D968 /* ListTableViewCell.swift */,
				AEBD0F382B4BEE220080ED15 /* ListTableViewController.swift */,
			);
			path = List;
			sourceTree = "<group>";
		};
		AEBD0F3A2B4BEE650080ED15 /* Core */ = {
			isa = PBXGroup;
			children = (
				AE4CE2D62B47F88F00286E34 /* AppDelegate.swift */,
				AE780E972BB13B7C0015D968 /* EntranceTableViewController.swift */,
				AEBD0FEA2B4BF3130080ED15 /* ExampleJSON.swift */,
				AE780E922BB138BD0015D968 /* List */,
				AEBD0FF22B4BF7B80080ED15 /* Example */,
			);
			path = Core;
			sourceTree = "<group>";
		};
		AEBD0F3B2B4BEE680080ED15 /* Other */ = {
			isa = PBXGroup;
			children = (
				AE2E26022BB183C40050D5AE /* Info-for-tvOS.plist */,
				AE4CE2E42B47F89000286E34 /* Info.plist */,
				AE4CE2DF2B47F89000286E34 /* Assets.xcassets */,
				AE4CE2E12B47F89000286E34 /* LaunchScreen.storyboard */,
			);
			path = Other;
			sourceTree = "<group>";
		};
		AEBD0FF22B4BF7B80080ED15 /* Example */ = {
			isa = PBXGroup;
			children = (
				AE2E24062BB13F9D0050D5AE /* Search */,
				AEBD0FF02B4BF69E0080ED15 /* BaseJSONPreviewController.swift */,
				AE4CE2DA2B47F88F00286E34 /* BasicExampleViewController.swift */,
				AEBD0FEE2B4BF66C0080ED15 /* CustomStyleExampleViewController.swift */,
				AEBD0FF32B4C02DB0080ED15 /* HideLineNumberExampleViewController.swift */,
				AEBD0FEC2B4BF4B10080ED15 /* InitialFoldedExampleViewController.swift */,
				AEB5D5282B4CE0C500105EED /* TableViewExampleViewController.swift */,
			);
			path = Example;
			sourceTree = "<group>";
		};
/* End PBXGroup section */

/* Begin PBXNativeTarget section */
		AE2E25E52BB1829D0050D5AE /* JSONPreviewDemo for tvOS */ = {
			isa = PBXNativeTarget;
			buildConfigurationList = AE2E25FD2BB1829D0050D5AE /* Build configuration list for PBXNativeTarget "JSONPreviewDemo for tvOS" */;
			buildPhases = (
				AE2E25E72BB1829D0050D5AE /* Sources */,
				AE2E25F82BB1829D0050D5AE /* Frameworks */,
				AE2E25FA2BB1829D0050D5AE /* Resources */,
			);
			buildRules = (
			);
			dependencies = (
			);
			name = "JSONPreviewDemo for tvOS";
			packageProductDependencies = (
				AE2E25E62BB1829D0050D5AE /* JSONPreview */,
			);
			productName = JSONPreviewDemo;
			productReference = AE2E26002BB1829D0050D5AE /* JSONPreviewDemo for tvOS.app */;
			productType = "com.apple.product-type.application";
		};
		AE4CE2D22B47F88F00286E34 /* JSONPreviewDemo */ = {
			isa = PBXNativeTarget;
			buildConfigurationList = AE4CE2E72B47F89000286E34 /* Build configuration list for PBXNativeTarget "JSONPreviewDemo" */;
			buildPhases = (
				AE4CE2CF2B47F88F00286E34 /* Sources */,
				AE4CE2D02B47F88F00286E34 /* Frameworks */,
				AE4CE2D12B47F88F00286E34 /* Resources */,
			);
			buildRules = (
			);
			dependencies = (
			);
			name = JSONPreviewDemo;
			packageProductDependencies = (
				AE4CE2EB2B47FAE200286E34 /* JSONPreview */,
			);
			productName = JSONPreviewDemo;
			productReference = AE4CE2D32B47F88F00286E34 /* JSONPreviewDemo.app */;
			productType = "com.apple.product-type.application";
		};
/* End PBXNativeTarget section */

/* Begin PBXProject section */
		AE4CE2CB2B47F88F00286E34 /* Project object */ = {
			isa = PBXProject;
			attributes = {
				BuildIndependentTargetsInParallel = 1;
				LastSwiftUpdateCheck = 1510;
				LastUpgradeCheck = 1510;
				TargetAttributes = {
					AE4CE2D22B47F88F00286E34 = {
						CreatedOnToolsVersion = 15.1;
					};
				};
			};
			buildConfigurationList = AE4CE2CE2B47F88F00286E34 /* Build configuration list for PBXProject "JSONPreviewDemo" */;
			compatibilityVersion = "Xcode 14.0";
			developmentRegion = en;
			hasScannedForEncodings = 0;
			knownRegions = (
				en,
				Base,
			);
			mainGroup = AE4CE2CA2B47F88F00286E34;
			packageReferences = (
				AE4CE2EA2B47FAE200286E34 /* XCLocalSwiftPackageReference ".." */,
			);
			productRefGroup = AE4CE2D42B47F88F00286E34 /* Products */;
			projectDirPath = "";
			projectRoot = "";
			targets = (
				AE4CE2D22B47F88F00286E34 /* JSONPreviewDemo */,
				AE2E25E52BB1829D0050D5AE /* JSONPreviewDemo for tvOS */,
			);
		};
/* End PBXProject section */

/* Begin PBXResourcesBuildPhase section */
		AE2E25FA2BB1829D0050D5AE /* Resources */ = {
			isa = PBXResourcesBuildPhase;
			buildActionMask = 2147483647;
			files = (
				AE2E26032BB183C40050D5AE /* Info-for-tvOS.plist in Resources */,
				AE2E25FC2BB1829D0050D5AE /* Assets.xcassets in Resources */,
			);
			runOnlyForDeploymentPostprocessing = 0;
		};
		AE4CE2D12B47F88F00286E34 /* Resources */ = {
			isa = PBXResourcesBuildPhase;
			buildActionMask = 2147483647;
			files = (
				AE4CE2E32B47F89000286E34 /* LaunchScreen.storyboard in Resources */,
				AE4CE2E02B47F89000286E34 /* Assets.xcassets in Resources */,
			);
			runOnlyForDeploymentPostprocessing = 0;
		};
/* End PBXResourcesBuildPhase section */

/* Begin PBXSourcesBuildPhase section */
		AE2E25E72BB1829D0050D5AE /* Sources */ = {
			isa = PBXSourcesBuildPhase;
			buildActionMask = 2147483647;
			files = (
				AE2E25E82BB1829D0050D5AE /* TableViewExampleViewController.swift in Sources */,
				AE2E25E92BB1829D0050D5AE /* BaseJSONPreviewController.swift in Sources */,
				AE2E25EA2BB1829D0050D5AE /* CustomStyleExampleViewController.swift in Sources */,
				AE2E25EB2BB1829D0050D5AE /* HideLineNumberExampleViewController.swift in Sources */,
				AE2E25EC2BB1829D0050D5AE /* SearchEntranceTableViewController.swift in Sources */,
				AE2E25ED2BB1829D0050D5AE /* ListTableViewController.swift in Sources */,
				AE2E25EE2BB1829D0050D5AE /* BasicExampleViewController.swift in Sources */,
				AE2E25EF2BB1829D0050D5AE /* BaseSearchExampleViewController.swift in Sources */,
				AE2E25F02BB1829D0050D5AE /* InitialFoldedExampleViewController.swift in Sources */,
				AE2E25F12BB1829D0050D5AE /* BasicSearchExampleViewController.swift in Sources */,
				AE2E25F22BB1829D0050D5AE /* ExampleJSON.swift in Sources */,
				AE2E25F32BB1829D0050D5AE /* AppDelegate.swift in Sources */,
				AE2E25F42BB1829D0050D5AE /* EntranceTableViewController.swift in Sources */,
				AE2E25F52BB1829D0050D5AE /* DemoCaseConfig.swift in Sources */,
				AE2E25F62BB1829D0050D5AE /* CustomSearchExampleViewController.swift in Sources */,
				AE2E25F72BB1829D0050D5AE /* ListTableViewCell.swift in Sources */,
			);
			runOnlyForDeploymentPostprocessing = 0;
		};
		AE4CE2CF2B47F88F00286E34 /* Sources */ = {
			isa = PBXSourcesBuildPhase;
			buildActionMask = 2147483647;
			files = (
				AEB5D5292B4CE0C500105EED /* TableViewExampleViewController.swift in Sources */,
				AEBD0FF12B4BF69E0080ED15 /* BaseJSONPreviewController.swift in Sources */,
				AEBD0FEF2B4BF66C0080ED15 /* CustomStyleExampleViewController.swift in Sources */,
				AEBD0FF42B4C02DB0080ED15 /* HideLineNumberExampleViewController.swift in Sources */,
				AE2E24082BB13FAC0050D5AE /* SearchEntranceTableViewController.swift in Sources */,
				AEBD0F392B4BEE220080ED15 /* ListTableViewController.swift in Sources */,
				AE4CE2DB2B47F88F00286E34 /* BasicExampleViewController.swift in Sources */,
				AE2E240A2BB140820050D5AE /* BaseSearchExampleViewController.swift in Sources */,
				AEBD0FED2B4BF4B10080ED15 /* InitialFoldedExampleViewController.swift in Sources */,
				AE2E25462BB158E30050D5AE /* BasicSearchExampleViewController.swift in Sources */,
				AEBD0FEB2B4BF3130080ED15 /* ExampleJSON.swift in Sources */,
				AE4CE2D72B47F88F00286E34 /* AppDelegate.swift in Sources */,
				AE780E982BB13B7C0015D968 /* EntranceTableViewController.swift in Sources */,
				AE780E962BB13AD30015D968 /* DemoCaseConfig.swift in Sources */,
				AE2E25482BB1594D0050D5AE /* CustomSearchExampleViewController.swift in Sources */,
				AE780E942BB138CD0015D968 /* ListTableViewCell.swift in Sources */,
			);
			runOnlyForDeploymentPostprocessing = 0;
		};
/* End PBXSourcesBuildPhase section */

/* Begin PBXVariantGroup section */
		AE4CE2E12B47F89000286E34 /* LaunchScreen.storyboard */ = {
			isa = PBXVariantGroup;
			children = (
				AE4CE2E22B47F89000286E34 /* Base */,
			);
			name = LaunchScreen.storyboard;
			sourceTree = "<group>";
		};
/* End PBXVariantGroup section */

/* Begin XCBuildConfiguration section */
		AE2E25FE2BB1829D0050D5AE /* Debug */ = {
			isa = XCBuildConfiguration;
			buildSettings = {
				ASSETCATALOG_COMPILER_APPICON_NAME = AppIcon;
				ASSETCATALOG_COMPILER_GLOBAL_ACCENT_COLOR_NAME = AccentColor;
				CODE_SIGN_STYLE = Automatic;
				CURRENT_PROJECT_VERSION = 0;
				DEVELOPMENT_TEAM = 5C9JW4S9DE;
				GENERATE_INFOPLIST_FILE = YES;
				INFOPLIST_FILE = "JSONPreviewDemo/Other/Info-for-tvOS.plist";
				INFOPLIST_KEY_UIApplicationSupportsIndirectInputEvents = YES;
				INFOPLIST_KEY_UILaunchStoryboardName = LaunchScreen;
				INFOPLIST_KEY_UIMainStoryboardFile = "";
				INFOPLIST_KEY_UISupportedInterfaceOrientations_iPad = "UIInterfaceOrientationPortrait UIInterfaceOrientationPortraitUpsideDown UIInterfaceOrientationLandscapeLeft UIInterfaceOrientationLandscapeRight";
				INFOPLIST_KEY_UISupportedInterfaceOrientations_iPhone = "UIInterfaceOrientationPortrait UIInterfaceOrientationLandscapeLeft UIInterfaceOrientationLandscapeRight";
				IPHONEOS_DEPLOYMENT_TARGET = 12.0;
				LD_RUNPATH_SEARCH_PATHS = (
					"$(inherited)",
					"@executable_path/Frameworks",
				);
				MARKETING_VERSION = 2.1.0;
				PRODUCT_BUNDLE_IDENTIFIER = com.rakuyo.JSONPreviewDemo;
				PRODUCT_NAME = "$(TARGET_NAME)";
				SUPPORTED_PLATFORMS = "appletvos appletvsimulator";
				SUPPORTS_MACCATALYST = NO;
				SUPPORTS_MAC_DESIGNED_FOR_IPHONE_IPAD = NO;
				SUPPORTS_XR_DESIGNED_FOR_IPHONE_IPAD = NO;
				SWIFT_EMIT_LOC_STRINGS = YES;
				SWIFT_VERSION = 5.0;
				TARGETED_DEVICE_FAMILY = 3;
				TVOS_DEPLOYMENT_TARGET = 13.0;
			};
			name = Debug;
		};
		AE2E25FF2BB1829D0050D5AE /* Release */ = {
			isa = XCBuildConfiguration;
			buildSettings = {
				ASSETCATALOG_COMPILER_APPICON_NAME = AppIcon;
				ASSETCATALOG_COMPILER_GLOBAL_ACCENT_COLOR_NAME = AccentColor;
				CODE_SIGN_STYLE = Automatic;
				CURRENT_PROJECT_VERSION = 0;
				DEVELOPMENT_TEAM = 5C9JW4S9DE;
				GENERATE_INFOPLIST_FILE = YES;
				INFOPLIST_FILE = "JSONPreviewDemo/Other/Info-for-tvOS.plist";
				INFOPLIST_KEY_UIApplicationSupportsIndirectInputEvents = YES;
				INFOPLIST_KEY_UILaunchStoryboardName = LaunchScreen;
				INFOPLIST_KEY_UIMainStoryboardFile = "";
				INFOPLIST_KEY_UISupportedInterfaceOrientations_iPad = "UIInterfaceOrientationPortrait UIInterfaceOrientationPortraitUpsideDown UIInterfaceOrientationLandscapeLeft UIInterfaceOrientationLandscapeRight";
				INFOPLIST_KEY_UISupportedInterfaceOrientations_iPhone = "UIInterfaceOrientationPortrait UIInterfaceOrientationLandscapeLeft UIInterfaceOrientationLandscapeRight";
				IPHONEOS_DEPLOYMENT_TARGET = 12.0;
				LD_RUNPATH_SEARCH_PATHS = (
					"$(inherited)",
					"@executable_path/Frameworks",
				);
				MARKETING_VERSION = 2.1.0;
				PRODUCT_BUNDLE_IDENTIFIER = com.rakuyo.JSONPreviewDemo;
				PRODUCT_NAME = "$(TARGET_NAME)";
				SUPPORTED_PLATFORMS = "appletvos appletvsimulator";
				SUPPORTS_MACCATALYST = NO;
				SUPPORTS_MAC_DESIGNED_FOR_IPHONE_IPAD = NO;
				SUPPORTS_XR_DESIGNED_FOR_IPHONE_IPAD = NO;
				SWIFT_EMIT_LOC_STRINGS = YES;
				SWIFT_VERSION = 5.0;
				TARGETED_DEVICE_FAMILY = 3;
				TVOS_DEPLOYMENT_TARGET = 13.0;
			};
			name = Release;
		};
		AE4CE2E52B47F89000286E34 /* Debug */ = {
			isa = XCBuildConfiguration;
			buildSettings = {
				ALWAYS_SEARCH_USER_PATHS = NO;
				ASSETCATALOG_COMPILER_GENERATE_SWIFT_ASSET_SYMBOL_EXTENSIONS = YES;
				CLANG_ANALYZER_NONNULL = YES;
				CLANG_ANALYZER_NUMBER_OBJECT_CONVERSION = YES_AGGRESSIVE;
				CLANG_CXX_LANGUAGE_STANDARD = "gnu++20";
				CLANG_ENABLE_MODULES = YES;
				CLANG_ENABLE_OBJC_ARC = YES;
				CLANG_ENABLE_OBJC_WEAK = YES;
				CLANG_WARN_BLOCK_CAPTURE_AUTORELEASING = YES;
				CLANG_WARN_BOOL_CONVERSION = YES;
				CLANG_WARN_COMMA = YES;
				CLANG_WARN_CONSTANT_CONVERSION = YES;
				CLANG_WARN_DEPRECATED_OBJC_IMPLEMENTATIONS = YES;
				CLANG_WARN_DIRECT_OBJC_ISA_USAGE = YES_ERROR;
				CLANG_WARN_DOCUMENTATION_COMMENTS = YES;
				CLANG_WARN_EMPTY_BODY = YES;
				CLANG_WARN_ENUM_CONVERSION = YES;
				CLANG_WARN_INFINITE_RECURSION = YES;
				CLANG_WARN_INT_CONVERSION = YES;
				CLANG_WARN_NON_LITERAL_NULL_CONVERSION = YES;
				CLANG_WARN_OBJC_IMPLICIT_RETAIN_SELF = YES;
				CLANG_WARN_OBJC_LITERAL_CONVERSION = YES;
				CLANG_WARN_OBJC_ROOT_CLASS = YES_ERROR;
				CLANG_WARN_QUOTED_INCLUDE_IN_FRAMEWORK_HEADER = YES;
				CLANG_WARN_RANGE_LOOP_ANALYSIS = YES;
				CLANG_WARN_STRICT_PROTOTYPES = YES;
				CLANG_WARN_SUSPICIOUS_MOVE = YES;
				CLANG_WARN_UNGUARDED_AVAILABILITY = YES_AGGRESSIVE;
				CLANG_WARN_UNREACHABLE_CODE = YES;
				CLANG_WARN__DUPLICATE_METHOD_MATCH = YES;
				COPY_PHASE_STRIP = NO;
				DEBUG_INFORMATION_FORMAT = dwarf;
				ENABLE_STRICT_OBJC_MSGSEND = YES;
				ENABLE_TESTABILITY = YES;
				ENABLE_USER_SCRIPT_SANDBOXING = YES;
				GCC_C_LANGUAGE_STANDARD = gnu17;
				GCC_DYNAMIC_NO_PIC = NO;
				GCC_NO_COMMON_BLOCKS = YES;
				GCC_OPTIMIZATION_LEVEL = 0;
				GCC_PREPROCESSOR_DEFINITIONS = (
					"DEBUG=1",
					"$(inherited)",
				);
				GCC_WARN_64_TO_32_BIT_CONVERSION = YES;
				GCC_WARN_ABOUT_RETURN_TYPE = YES_ERROR;
				GCC_WARN_UNDECLARED_SELECTOR = YES;
				GCC_WARN_UNINITIALIZED_AUTOS = YES_AGGRESSIVE;
				GCC_WARN_UNUSED_FUNCTION = YES;
				GCC_WARN_UNUSED_VARIABLE = YES;
				LOCALIZATION_PREFERS_STRING_CATALOGS = YES;
				MTL_ENABLE_DEBUG_INFO = INCLUDE_SOURCE;
				MTL_FAST_MATH = YES;
				ONLY_ACTIVE_ARCH = YES;
				SDKROOT = iphoneos;
				SWIFT_ACTIVE_COMPILATION_CONDITIONS = "DEBUG $(inherited)";
				SWIFT_OPTIMIZATION_LEVEL = "-Onone";
			};
			name = Debug;
		};
		AE4CE2E62B47F89000286E34 /* Release */ = {
			isa = XCBuildConfiguration;
			buildSettings = {
				ALWAYS_SEARCH_USER_PATHS = NO;
				ASSETCATALOG_COMPILER_GENERATE_SWIFT_ASSET_SYMBOL_EXTENSIONS = YES;
				CLANG_ANALYZER_NONNULL = YES;
				CLANG_ANALYZER_NUMBER_OBJECT_CONVERSION = YES_AGGRESSIVE;
				CLANG_CXX_LANGUAGE_STANDARD = "gnu++20";
				CLANG_ENABLE_MODULES = YES;
				CLANG_ENABLE_OBJC_ARC = YES;
				CLANG_ENABLE_OBJC_WEAK = YES;
				CLANG_WARN_BLOCK_CAPTURE_AUTORELEASING = YES;
				CLANG_WARN_BOOL_CONVERSION = YES;
				CLANG_WARN_COMMA = YES;
				CLANG_WARN_CONSTANT_CONVERSION = YES;
				CLANG_WARN_DEPRECATED_OBJC_IMPLEMENTATIONS = YES;
				CLANG_WARN_DIRECT_OBJC_ISA_USAGE = YES_ERROR;
				CLANG_WARN_DOCUMENTATION_COMMENTS = YES;
				CLANG_WARN_EMPTY_BODY = YES;
				CLANG_WARN_ENUM_CONVERSION = YES;
				CLANG_WARN_INFINITE_RECURSION = YES;
				CLANG_WARN_INT_CONVERSION = YES;
				CLANG_WARN_NON_LITERAL_NULL_CONVERSION = YES;
				CLANG_WARN_OBJC_IMPLICIT_RETAIN_SELF = YES;
				CLANG_WARN_OBJC_LITERAL_CONVERSION = YES;
				CLANG_WARN_OBJC_ROOT_CLASS = YES_ERROR;
				CLANG_WARN_QUOTED_INCLUDE_IN_FRAMEWORK_HEADER = YES;
				CLANG_WARN_RANGE_LOOP_ANALYSIS = YES;
				CLANG_WARN_STRICT_PROTOTYPES = YES;
				CLANG_WARN_SUSPICIOUS_MOVE = YES;
				CLANG_WARN_UNGUARDED_AVAILABILITY = YES_AGGRESSIVE;
				CLANG_WARN_UNREACHABLE_CODE = YES;
				CLANG_WARN__DUPLICATE_METHOD_MATCH = YES;
				COPY_PHASE_STRIP = NO;
				DEBUG_INFORMATION_FORMAT = "dwarf-with-dsym";
				ENABLE_NS_ASSERTIONS = NO;
				ENABLE_STRICT_OBJC_MSGSEND = YES;
				ENABLE_USER_SCRIPT_SANDBOXING = YES;
				GCC_C_LANGUAGE_STANDARD = gnu17;
				GCC_NO_COMMON_BLOCKS = YES;
				GCC_WARN_64_TO_32_BIT_CONVERSION = YES;
				GCC_WARN_ABOUT_RETURN_TYPE = YES_ERROR;
				GCC_WARN_UNDECLARED_SELECTOR = YES;
				GCC_WARN_UNINITIALIZED_AUTOS = YES_AGGRESSIVE;
				GCC_WARN_UNUSED_FUNCTION = YES;
				GCC_WARN_UNUSED_VARIABLE = YES;
				LOCALIZATION_PREFERS_STRING_CATALOGS = YES;
				MTL_ENABLE_DEBUG_INFO = NO;
				MTL_FAST_MATH = YES;
				SDKROOT = iphoneos;
				SWIFT_COMPILATION_MODE = wholemodule;
				VALIDATE_PRODUCT = YES;
			};
			name = Release;
		};
		AE4CE2E82B47F89000286E34 /* Debug */ = {
			isa = XCBuildConfiguration;
			buildSettings = {
				ASSETCATALOG_COMPILER_APPICON_NAME = AppIcon;
				ASSETCATALOG_COMPILER_GLOBAL_ACCENT_COLOR_NAME = AccentColor;
				CODE_SIGN_STYLE = Automatic;
				CURRENT_PROJECT_VERSION = 0;
				DEVELOPMENT_TEAM = 5C9JW4S9DE;
				GENERATE_INFOPLIST_FILE = YES;
				INFOPLIST_FILE = JSONPreviewDemo/Other/Info.plist;
				INFOPLIST_KEY_UIApplicationSupportsIndirectInputEvents = YES;
				INFOPLIST_KEY_UILaunchStoryboardName = LaunchScreen;
				INFOPLIST_KEY_UIMainStoryboardFile = "";
				INFOPLIST_KEY_UISupportedInterfaceOrientations_iPad = "UIInterfaceOrientationPortrait UIInterfaceOrientationPortraitUpsideDown UIInterfaceOrientationLandscapeLeft UIInterfaceOrientationLandscapeRight";
				INFOPLIST_KEY_UISupportedInterfaceOrientations_iPhone = "UIInterfaceOrientationPortrait UIInterfaceOrientationLandscapeLeft UIInterfaceOrientationLandscapeRight";
				IPHONEOS_DEPLOYMENT_TARGET = 12.0;
				LD_RUNPATH_SEARCH_PATHS = (
					"$(inherited)",
					"@executable_path/Frameworks",
				);
				MARKETING_VERSION = 2.1.0;
				PRODUCT_BUNDLE_IDENTIFIER = com.rakuyo.JSONPreviewDemo;
				PRODUCT_NAME = "$(TARGET_NAME)";
				SUPPORTED_PLATFORMS = "iphoneos iphonesimulator";
				SUPPORTS_MACCATALYST = NO;
				SWIFT_EMIT_LOC_STRINGS = YES;
				SWIFT_VERSION = 5.0;
				TARGETED_DEVICE_FAMILY = "1,2";
				TVOS_DEPLOYMENT_TARGET = 13.0;
			};
			name = Debug;
		};
		AE4CE2E92B47F89000286E34 /* Release */ = {
			isa = XCBuildConfiguration;
			buildSettings = {
				ASSETCATALOG_COMPILER_APPICON_NAME = AppIcon;
				ASSETCATALOG_COMPILER_GLOBAL_ACCENT_COLOR_NAME = AccentColor;
				CODE_SIGN_STYLE = Automatic;
				CURRENT_PROJECT_VERSION = 0;
				DEVELOPMENT_TEAM = 5C9JW4S9DE;
				GENERATE_INFOPLIST_FILE = YES;
				INFOPLIST_FILE = JSONPreviewDemo/Other/Info.plist;
				INFOPLIST_KEY_UIApplicationSupportsIndirectInputEvents = YES;
				INFOPLIST_KEY_UILaunchStoryboardName = LaunchScreen;
				INFOPLIST_KEY_UIMainStoryboardFile = "";
				INFOPLIST_KEY_UISupportedInterfaceOrientations_iPad = "UIInterfaceOrientationPortrait UIInterfaceOrientationPortraitUpsideDown UIInterfaceOrientationLandscapeLeft UIInterfaceOrientationLandscapeRight";
				INFOPLIST_KEY_UISupportedInterfaceOrientations_iPhone = "UIInterfaceOrientationPortrait UIInterfaceOrientationLandscapeLeft UIInterfaceOrientationLandscapeRight";
				IPHONEOS_DEPLOYMENT_TARGET = 12.0;
				LD_RUNPATH_SEARCH_PATHS = (
					"$(inherited)",
					"@executable_path/Frameworks",
				);
				MARKETING_VERSION = 2.1.0;
				PRODUCT_BUNDLE_IDENTIFIER = com.rakuyo.JSONPreviewDemo;
				PRODUCT_NAME = "$(TARGET_NAME)";
				SUPPORTED_PLATFORMS = "iphoneos iphonesimulator";
				SUPPORTS_MACCATALYST = NO;
				SWIFT_EMIT_LOC_STRINGS = YES;
				SWIFT_VERSION = 5.0;
				TARGETED_DEVICE_FAMILY = "1,2";
				TVOS_DEPLOYMENT_TARGET = 13.0;
			};
			name = Release;
		};
/* End XCBuildConfiguration section */

/* Begin XCConfigurationList section */
		AE2E25FD2BB1829D0050D5AE /* Build configuration list for PBXNativeTarget "JSONPreviewDemo for tvOS" */ = {
			isa = XCConfigurationList;
			buildConfigurations = (
				AE2E25FE2BB1829D0050D5AE /* Debug */,
				AE2E25FF2BB1829D0050D5AE /* Release */,
			);
			defaultConfigurationIsVisible = 0;
			defaultConfigurationName = Release;
		};
		AE4CE2CE2B47F88F00286E34 /* Build configuration list for PBXProject "JSONPreviewDemo" */ = {
			isa = XCConfigurationList;
			buildConfigurations = (
				AE4CE2E52B47F89000286E34 /* Debug */,
				AE4CE2E62B47F89000286E34 /* Release */,
			);
			defaultConfigurationIsVisible = 0;
			defaultConfigurationName = Release;
		};
		AE4CE2E72B47F89000286E34 /* Build configuration list for PBXNativeTarget "JSONPreviewDemo" */ = {
			isa = XCConfigurationList;
			buildConfigurations = (
				AE4CE2E82B47F89000286E34 /* Debug */,
				AE4CE2E92B47F89000286E34 /* Release */,
			);
			defaultConfigurationIsVisible = 0;
			defaultConfigurationName = Release;
		};
/* End XCConfigurationList section */

/* Begin XCLocalSwiftPackageReference section */
		AE4CE2EA2B47FAE200286E34 /* XCLocalSwiftPackageReference ".." */ = {
			isa = XCLocalSwiftPackageReference;
			relativePath = ..;
		};
/* End XCLocalSwiftPackageReference section */

/* Begin XCSwiftPackageProductDependency section */
		AE2E25E62BB1829D0050D5AE /* JSONPreview */ = {
			isa = XCSwiftPackageProductDependency;
			productName = JSONPreview;
		};
		AE4CE2EB2B47FAE200286E34 /* JSONPreview */ = {
			isa = XCSwiftPackageProductDependency;
			productName = JSONPreview;
		};
/* End XCSwiftPackageProductDependency section */
	};
	rootObject = AE4CE2CB2B47F88F00286E34 /* Project object */;
}
